
Microsoft Visual Studio Solution File, Format Version 12.00
# Visual Studio Version 16
VisualStudioVersion = 16.0.30611.23
MinimumVisualStudioVersion = 10.0.40219.1
Project("{FAE04EC0-301F-11D3-BF4B-00C04F79EFBC}") = "Proyecto", "Proyecto\Proyecto.csproj", "{AABAA67F-C52D-4CD7-A888-476D33F16146}"
EndProject
Global
	GlobalSection(SolutionConfigurationPlatforms) = preSolution
		Debug|Any CPU = Debug|Any CPU
		Release|Any CPU = Release|Any CPU
	EndGlobalSection
	GlobalSection(ProjectConfigurationPlatforms) = postSolution
		{AABAA67F-C52D-4CD7-A888-476D33F16146}.Debug|Any CPU.ActiveCfg = Debug|Any CPU
		{AABAA67F-C52D-4CD7-A888-476D33F16146}.Debug|Any CPU.Build.0 = Debug|Any CPU
		{AABAA67F-C52D-4CD7-A888-476D33F16146}.Release|Any CPU.ActiveCfg = Release|Any CPU
		{AABAA67F-C52D-4CD7-A888-476D33F16146}.Release|Any CPU.Build.0 = Release|Any CPU
	EndGlobalSection
	GlobalSection(SolutionProperties) = preSolution
		HideSolutionNode = FALSE
	EndGlobalSection
	GlobalSection(ExtensibilityGlobals) = postSolution
		SolutionGuid = {BD11E7F2-5247-40CC-8D20-5D1EA601AC67}
	EndGlobalSection
EndGlobal
